// !$*UTF8*$!
{
	archiveVersion = 1;
	classes = {
	};
	objectVersion = 46;
	objects = {

/* Begin PBXBuildFile section */
		463AC95F1EB3A06000CD9756 /* main.m in Sources */ = {isa = PBXBuildFile; fileRef = 463AC95E1EB3A06000CD9756 /* main.m */; };
		463AC9621EB3A06000CD9756 /* AppDelegate.m in Sources */ = {isa = PBXBuildFile; fileRef = 463AC9611EB3A06000CD9756 /* AppDelegate.m */; };
		463AC9651EB3A06000CD9756 /* ViewController.m in Sources */ = {isa = PBXBuildFile; fileRef = 463AC9641EB3A06000CD9756 /* ViewController.m */; };
		463AC9681EB3A06000CD9756 /* Main.storyboard in Resources */ = {isa = PBXBuildFile; fileRef = 463AC9661EB3A06000CD9756 /* Main.storyboard */; };
		463AC96B1EB3A06000CD9756 /* APPR.xcdatamodeld in Sources */ = {isa = PBXBuildFile; fileRef = 463AC9691EB3A06000CD9756 /* APPR.xcdatamodeld */; };
		463AC96D1EB3A06000CD9756 /* Assets.xcassets in Resources */ = {isa = PBXBuildFile; fileRef = 463AC96C1EB3A06000CD9756 /* Assets.xcassets */; };
		463AC9701EB3A06000CD9756 /* LaunchScreen.storyboard in Resources */ = {isa = PBXBuildFile; fileRef = 463AC96E1EB3A06000CD9756 /* LaunchScreen.storyboard */; };
/* End PBXBuildFile section */

/* Begin PBXFileReference section */
		463AC95A1EB3A06000CD9756 /* APPR.app */ = {isa = PBXFileReference; explicitFileType = wrapper.application; includeInIndex = 0; path = APPR.app; sourceTree = BUILT_PRODUCTS_DIR; };
		463AC95E1EB3A06000CD9756 /* main.m */ = {isa = PBXFileReference; lastKnownFileType = sourcecode.c.objc; path = main.m; sourceTree = "<group>"; };
		463AC9601EB3A06000CD9756 /* AppDelegate.h */ = {isa = PBXFileReference; lastKnownFileType = sourcecode.c.h; path = AppDelegate.h; sourceTree = "<group>"; };
		463AC9611EB3A06000CD9756 /* AppDelegate.m */ = {isa = PBXFileReference; lastKnownFileType = sourcecode.c.objc; path = AppDelegate.m; sourceTree = "<group>"; };
		463AC9631EB3A06000CD9756 /* ViewController.h */ = {isa = PBXFileReference; lastKnownFileType = sourcecode.c.h; path = ViewController.h; sourceTree = "<group>"; };
		463AC9641EB3A06000CD9756 /* ViewController.m */ = {isa = PBXFileReference; lastKnownFileType = sourcecode.c.objc; path = ViewController.m; sourceTree = "<group>"; };
		463AC9671EB3A06000CD9756 /* Base */ = {isa = PBXFileReference; lastKnownFileType = file.storyboard; name = Base; path = Base.lproj/Main.storyboard; sourceTree = "<group>"; };
		463AC96A1EB3A06000CD9756 /* APPR.xcdatamodel */ = {isa = PBXFileReference; lastKnownFileType = wrapper.xcdatamodel; path = APPR.xcdatamodel; sourceTree = "<group>"; };
		463AC96C1EB3A06000CD9756 /* Assets.xcassets */ = {isa = PBXFileReference; lastKnownFileType = folder.assetcatalog; path = Assets.xcassets; sourceTree = "<group>"; };
		463AC96F1EB3A06000CD9756 /* Base */ = {isa = PBXFileReference; lastKnownFileType = file.storyboard; name = Base; path = Base.lproj/LaunchScreen.storyboard; sourceTree = "<group>"; };
		463AC9711EB3A06000CD9756 /* Info.plist */ = {isa = PBXFileReference; lastKnownFileType = text.plist.xml; path = Info.plist; sourceTree = "<group>"; };
/* End PBXFileReference section */

/* Begin PBXFrameworksBuildPhase section */
		463AC9571EB3A06000CD9756 /* Frameworks */ = {
			isa = PBXFrameworksBuildPhase;
			buildActionMask = 2147483647;
			files = (
			);
			runOnlyForDeploymentPostprocessing = 0;
		};
/* End PBXFrameworksBuildPhase section */

/* Begin PBXGroup section */
		463AC9511EB3A06000CD9756 = {
			isa = PBXGroup;
			children = (
				463AC95C1EB3A06000CD9756 /* APPR */,
				463AC95B1EB3A06000CD9756 /* Products */,
			);
			sourceTree = "<group>";
		};
		463AC95B1EB3A06000CD9756 /* Products */ = {
			isa = PBXGroup;
			children = (
				463AC95A1EB3A06000CD9756 /* APPR.app */,
			);
			name = Products;
			sourceTree = "<group>";
		};
		463AC95C1EB3A06000CD9756 /* APPR */ = {
			isa = PBXGroup;
			children = (
				463AC9601EB3A06000CD9756 /* AppDelegate.h */,
				463AC9611EB3A06000CD9756 /* AppDelegate.m */,
				463AC9631EB3A06000CD9756 /* ViewController.h */,
				463AC9641EB3A06000CD9756 /* ViewController.m */,
				463AC9661EB3A06000CD9756 /* Main.storyboard */,
				463AC96C1EB3A06000CD9756 /* Assets.xcassets */,
				463AC96E1EB3A06000CD9756 /* LaunchScreen.storyboard */,
				463AC9711EB3A06000CD9756 /* Info.plist */,
				463AC9691EB3A06000CD9756 /* APPR.xcdatamodeld */,
				463AC95D1EB3A06000CD9756 /* Supporting Files */,
			);
			path = APPR;
			sourceTree = "<group>";
		};
		463AC95D1EB3A06000CD9756 /* Supporting Files */ = {
			isa = PBXGroup;
			children = (
				463AC95E1EB3A06000CD9756 /* main.m */,
			);
			name = "Supporting Files";
			sourceTree = "<group>";
		};
/* End PBXGroup section */

/* Begin PBXNativeTarget section */
		463AC9591EB3A06000CD9756 /* APPR */ = {
			isa = PBXNativeTarget;
			buildConfigurationList = 463AC9741EB3A06000CD9756 /* Build configuration list for PBXNativeTarget "APPR" */;
			buildPhases = (
				463AC9561EB3A06000CD9756 /* Sources */,
				463AC9571EB3A06000CD9756 /* Frameworks */,
				463AC9581EB3A06000CD9756 /* Resources */,
			);
			buildRules = (
			);
			dependencies = (
			);
			name = APPR;
			productName = APPR;
			productReference = 463AC95A1EB3A06000CD9756 /* APPR.app */;
			productType = "com.apple.product-type.application";
		};
/* End PBXNativeTarget section */

/* Begin PBXProject section */
		463AC9521EB3A06000CD9756 /* Project object */ = {
			isa = PBXProject;
			attributes = {
				LastUpgradeCheck = 0830;
				ORGANIZATIONNAME = gleb;
				TargetAttributes = {
					463AC9591EB3A06000CD9756 = {
						CreatedOnToolsVersion = 8.3.2;
						DevelopmentTeam = D4J7AW2S69;
						ProvisioningStyle = Automatic;
					};
				};
			};
			buildConfigurationList = 463AC9551EB3A06000CD9756 /* Build configuration list for PBXProject "APPR" */;
			compatibilityVersion = "Xcode 3.2";
			developmentRegion = English;
			hasScannedForEncodings = 0;
			knownRegions = (
				en,
				Base,
			);
			mainGroup = 463AC9511EB3A06000CD9756;
			productRefGroup = 463AC95B1EB3A06000CD9756 /* Products */;
			projectDirPath = "";
			projectRoot = "";
			targets = (
				463AC9591EB3A06000CD9756 /* APPR */,
			);
		};
/* End PBXProject section */

/* Begin PBXResourcesBuildPhase section */
		463AC9581EB3A06000CD9756 /* Resources */ = {
			isa = PBXResourcesBuildPhase;
			buildActionMask = 2147483647;
			files = (
				463AC9701EB3A06000CD9756 /* LaunchScreen.storyboard in Resources */,
				463AC96D1EB3A06000CD9756 /* Assets.xcassets in Resources */,
				463AC9681EB3A06000CD9756 /* Main.storyboard in Resources */,
			);
			runOnlyForDeploymentPostprocessing = 0;
		};
/* End PBXResourcesBuildPhase section */

/* Begin PBXSourcesBuildPhase section */
		463AC9561EB3A06000CD9756 /* Sources */ = {
			isa = PBXSourcesBuildPhase;
			buildActionMask = 2147483647;
			files = (
				463AC96B1EB3A06000CD9756 /* APPR.xcdatamodeld in Sources */,
				463AC9651EB3A06000CD9756 /* ViewController.m in Sources */,
				463AC9621EB3A06000CD9756 /* AppDelegate.m in Sources */,
				463AC95F1EB3A06000CD9756 /* main.m in Sources */,
			);
			runOnlyForDeploymentPostprocessing = 0;
		};
/* End PBXSourcesBuildPhase section */

/* Begin PBXVariantGroup section */
		463AC9661EB3A06000CD9756 /* Main.storyboard */ = {
			isa = PBXVariantGroup;
			children = (
				463AC9671EB3A06000CD9756 /* Base */,
			);
			name = Main.storyboard;
			sourceTree = "<group>";
		};
		463AC96E1EB3A06000CD9756 /* LaunchScreen.storyboard */ = {
			isa = PBXVariantGroup;
			children = (
				463AC96F1EB3A06000CD9756 /* Base */,
			);
			name = LaunchScreen.storyboard;
			sourceTree = "<group>";
		};
/* End PBXVariantGroup section */

/* Begin XCBuildConfiguration section */
		463AC9721EB3A06000CD9756 /* Debug */ = {
			isa = XCBuildConfiguration;
			buildSettings = {
				ALWAYS_SEARCH_USER_PATHS = NO;
				CLANG_ANALYZER_NONNULL = YES;
				CLANG_ANALYZER_NUMBER_OBJECT_CONVERSION = YES_AGGRESSIVE;
				CLANG_CXX_LANGUAGE_STANDARD = "gnu++0x";
				CLANG_CXX_LIBRARY = "libc++";
				CLANG_ENABLE_MODULES = YES;
				CLANG_ENABLE_OBJC_ARC = YES;
				CLANG_WARN_BOOL_CONVERSION = YES;
				CLANG_WARN_CONSTANT_CONVERSION = YES;
				CLANG_WARN_DIRECT_OBJC_ISA_USAGE = YES_ERROR;
				CLANG_WARN_DOCUMENTATION_COMMENTS = YES;
				CLANG_WARN_EMPTY_BODY = YES;
				CLANG_WARN_ENUM_CONVERSION = YES;
				CLANG_WARN_INFINITE_RECURSION = YES;
				CLANG_WARN_INT_CONVERSION = YES;
				CLANG_WARN_OBJC_ROOT_CLASS = YES_ERROR;
				CLANG_WARN_SUSPICIOUS_MOVE = YES;
				CLANG_WARN_UNREACHABLE_CODE = YES;
				CLANG_WARN__DUPLICATE_METHOD_MATCH = YES;
				"CODE_SIGN_IDENTITY[sdk=iphoneos*]" = "iPhone Developer";
				COPY_PHASE_STRIP = NO;
				DEBUG_INFORMATION_FORMAT = dwarf;
				ENABLE_STRICT_OBJC_MSGSEND = YES;
				ENABLE_TESTABILITY = YES;
				GCC_C_LANGUAGE_STANDARD = gnu99;
				GCC_DYNAMIC_NO_PIC = NO;
				GCC_NO_COMMON_BLOCKS = YES;
				GCC_OPTIMIZATION_LEVEL = 0;
				GCC_PREPROCESSOR_DEFINITIONS = (
					"DEBUG=1",
					"$(inherited)",
				);
				GCC_WARN_64_TO_32_BIT_CONVERSION = YES;
				GCC_WARN_ABOUT_RETURN_TYPE = YES_ERROR;
				GCC_WARN_UNDECLARED_SELECTOR = YES;
				GCC_WARN_UNINITIALIZED_AUTOS = YES_AGGRESSIVE;
				GCC_WARN_UNUSED_FUNCTION = YES;
				GCC_WARN_UNUSED_VARIABLE = YES;
				IPHONEOS_DEPLOYMENT_TARGET = 10.3;
				MTL_ENABLE_DEBUG_INFO = YES;
				ONLY_ACTIVE_ARCH = YES;
				SDKROOT = iphoneos;
				TARGETED_DEVICE_FAMILY = "1,2";
			};
			name = Debug;
		};
		463AC9731EB3A06000CD9756 /* Release */ = {
			isa = XCBuildConfiguration;
			buildSettings = {
				ALWAYS_SEARCH_USER_PATHS = NO;
				CLANG_ANALYZER_NONNULL = YES;
				CLANG_ANALYZER_NUMBER_OBJECT_CONVERSION = YES_AGGRESSIVE;
				CLANG_CXX_LANGUAGE_STANDARD = "gnu++0x";
				CLANG_CXX_LIBRARY = "libc++";
				CLANG_ENABLE_MODULES = YES;
				CLANG_ENABLE_OBJC_ARC = YES;
				CLANG_WARN_BOOL_CONVERSION = YES;
				CLANG_WARN_CONSTANT_CONVERSION = YES;
				CLANG_WARN_DIRECT_OBJC_ISA_USAGE = YES_ERROR;
				CLANG_WARN_DOCUMENTATION_COMMENTS = YES;
				CLANG_WARN_EMPTY_BODY = YES;
				CLANG_WARN_ENUM_CONVERSION = YES;
				CLANG_WARN_INFINITE_RECURSION = YES;
				CLANG_WARN_INT_CONVERSION = YES;
				CLANG_WARN_OBJC_ROOT_CLASS = YES_ERROR;
				CLANG_WARN_SUSPICIOUS_MOVE = YES;
				CLANG_WARN_UNREACHABLE_CODE = YES;
				CLANG_WARN__DUPLICATE_METHOD_MATCH = YES;
				"CODE_SIGN_IDENTITY[sdk=iphoneos*]" = "iPhone Developer";
				COPY_PHASE_STRIP = NO;
				DEBUG_INFORMATION_FORMAT = "dwarf-with-dsym";
				ENABLE_NS_ASSERTIONS = NO;
				ENABLE_STRICT_OBJC_MSGSEND = YES;
				GCC_C_LANGUAGE_STANDARD = gnu99;
				GCC_NO_COMMON_BLOCKS = YES;
				GCC_WARN_64_TO_32_BIT_CONVERSION = YES;
				GCC_WARN_ABOUT_RETURN_TYPE = YES_ERROR;
				GCC_WARN_UNDECLARED_SELECTOR = YES;
				GCC_WARN_UNINITIALIZED_AUTOS = YES_AGGRESSIVE;
				GCC_WARN_UNUSED_FUNCTION = YES;
				GCC_WARN_UNUSED_VARIABLE = YES;
				IPHONEOS_DEPLOYMENT_TARGET = 10.3;
				MTL_ENABLE_DEBUG_INFO = NO;
				SDKROOT = iphoneos;
				TARGETED_DEVICE_FAMILY = "1,2";
				VALIDATE_PRODUCT = YES;
			};
			name = Release;
		};
		463AC9751EB3A06000CD9756 /* Debug */ = {
			isa = XCBuildConfiguration;
			buildSettings = {
				ASSETCATALOG_COMPILER_APPICON_NAME = AppIcon;
				DEVELOPMENT_TEAM = D4J7AW2S69;
				INFOPLIST_FILE = APPR/Info.plist;
				LD_RUNPATH_SEARCH_PATHS = "$(inherited) @executable_path/Frameworks";
				PRODUCT_BUNDLE_IDENTIFIER = gleb.APPR;
				PRODUCT_NAME = "$(TARGET_NAME)";
			};
			name = Debug;
		};
		463AC9761EB3A06000CD9756 /* Release */ = {
			isa = XCBuildConfiguration;
			buildSettings = {
				ASSETCATALOG_COMPILER_APPICON_NAME = AppIcon;
				DEVELOPMENT_TEAM = D4J7AW2S69;
				INFOPLIST_FILE = APPR/Info.plist;
				LD_RUNPATH_SEARCH_PATHS = "$(inherited) @executable_path/Frameworks";
				PRODUCT_BUNDLE_IDENTIFIER = gleb.APPR;
				PRODUCT_NAME = "$(TARGET_NAME)";
			};
			name = Release;
		};
/* End XCBuildConfiguration section */

/* Begin XCConfigurationList section */
		463AC9551EB3A06000CD9756 /* Build configuration list for PBXProject "APPR" */ = {
			isa = XCConfigurationList;
			buildConfigurations = (
				463AC9721EB3A06000CD9756 /* Debug */,
				463AC9731EB3A06000CD9756 /* Release */,
			);
			defaultConfigurationIsVisible = 0;
			defaultConfigurationName = Release;
		};
		463AC9741EB3A06000CD9756 /* Build configuration list for PBXNativeTarget "APPR" */ = {
			isa = XCConfigurationList;
			buildConfigurations = (
				463AC9751EB3A06000CD9756 /* Debug */,
				463AC9761EB3A06000CD9756 /* Release */,
			);
			defaultConfigurationIsVisible = 0;
		};
/* End XCConfigurationList section */

/* Begin XCVersionGroup section */
		463AC9691EB3A06000CD9756 /* APPR.xcdatamodeld */ = {
			isa = XCVersionGroup;
			children = (
				463AC96A1EB3A06000CD9756 /* APPR.xcdatamodel */,
			);
			currentVersion = 463AC96A1EB3A06000CD9756 /* APPR.xcdatamodel */;
			path = APPR.xcdatamodeld;
			sourceTree = "<group>";
			versionGroupType = wrapper.xcdatamodel;
		};
/* End XCVersionGroup section */
	};
	rootObject = 463AC9521EB3A06000CD9756 /* Project object */;
}
